
Microsoft Visual Studio Solution File, Format Version 12.00
# Visual Studio Version 17
VisualStudioVersion = 17.1.32210.238
MinimumVisualStudioVersion = 10.0.40219.1
Project("{9A19103F-16F7-4668-BE54-9A1E7A4F7556}") = "QLSV", "QLSV\QLSV.csproj", "{ED152F3D-877E-45B9-93EC-C0EF36959D7F}"
EndProject
Project("{2150E333-8FDC-42A3-9474-1A3956D46DE8}") = "Solution Items", "Solution Items", "{753A44A1-CC04-4F00-866D-7C15C29CF891}"
	ProjectSection(SolutionItems) = preProject
		.editorconfig = .editorconfig
	EndProjectSection
EndProject
Global
	GlobalSection(SolutionConfigurationPlatforms) = preSolution
		Debug|Any CPU = Debug|Any CPU
		Release|Any CPU = Release|Any CPU
	EndGlobalSection
	GlobalSection(ProjectConfigurationPlatforms) = postSolution
		{ED152F3D-877E-45B9-93EC-C0EF36959D7F}.Debug|Any CPU.ActiveCfg = Debug|Any CPU
		{ED152F3D-877E-45B9-93EC-C0EF36959D7F}.Debug|Any CPU.Build.0 = Debug|Any CPU
		{ED152F3D-877E-45B9-93EC-C0EF36959D7F}.Release|Any CPU.ActiveCfg = Release|Any CPU
		{ED152F3D-877E-45B9-93EC-C0EF36959D7F}.Release|Any CPU.Build.0 = Release|Any CPU
	EndGlobalSection
	GlobalSection(SolutionProperties) = preSolution
		HideSolutionNode = FALSE
	EndGlobalSection
	GlobalSection(ExtensibilityGlobals) = postSolution
		SolutionGuid = {A7C092E1-E194-49DF-8A4F-722E8ED949F4}
	EndGlobalSection
EndGlobal
